{
  "nodes": {
    "flakeNimbleLib": {
      "inputs": {
        "nixpkgs": [
          "nixpkgs"
        ]
      },
      "locked": {
        "lastModified": 1662018438,
        "narHash": "sha256-QtNtU6+LX3Wokxf0zlFwKTFOcn6TeDjKQZ+DA9OYtvM=",
        "owner": "riinr",
        "repo": "nim-flakes-lib",
        "rev": "b1fe8340736e3a85d25c709ac3dfd82a55c03cbf",
        "type": "github"
      },
      "original": {
        "owner": "riinr",
        "ref": "master",
        "repo": "nim-flakes-lib",
        "type": "github"
      }
    },
    "nixpkgs": {
      "locked": {
        "lastModified": 1667085676,
        "narHash": "sha256-jPHYYoSdrV3ypWG4oi9SUeI2MU6dLjxM88+9io5Rrx0=",
        "owner": "NixOS",
        "repo": "nixpkgs",
        "rev": "e6e6bad81b7e11f37d893ef39712ce8918ae2338",
        "type": "github"
      },
      "original": {
        "id": "nixpkgs",
        "type": "indirect"
      }
    },
    "root": {
      "inputs": {
        "flakeNimbleLib": "flakeNimbleLib",
        "nixpkgs": "nixpkgs",
        "src-slimdown-master": "src-slimdown-master"
      }
    },
    "src-slimdown-master": {
      "flake": false,
      "locked": {
        "lastModified": 1527441070,
        "narHash": "sha256-SGywraaZAnutEQN6TVs9Q0tRHneIyI3V43oIYAM2bNk=",
        "owner": "ruivieira",
        "repo": "nim-slimdown",
        "rev": "a879450e58323070e3173f6eb33ac3c4c1a460c0",
        "type": "github"
      },
      "original": {
        "owner": "ruivieira",
        "ref": "refs/heads/master",
        "repo": "nim-slimdown",
        "type": "github"
      }
    }
  },
  "root": "root",
  "version": 7
}
